// !$*UTF8*$!
{
	archiveVersion = 1;
	classes = {
	};
	objectVersion = 55;
	objects = {

/* Begin PBXBuildFile section */
		2B590E8A2CA383C600273973 /* AddTaskViewController.swift in Sources */ = {isa = PBXBuildFile; fileRef = 2B590E892CA383C600273973 /* AddTaskViewController.swift */; };
		2B590E8C2CA3860800273973 /* AddTaskViewModel.swift in Sources */ = {isa = PBXBuildFile; fileRef = 2B590E8B2CA3860800273973 /* AddTaskViewModel.swift */; };
		2B5A7AA42C9CF1D10053CF2F /* TaskModel.swift in Sources */ = {isa = PBXBuildFile; fileRef = 2B5A7AA32C9CF1D10053CF2F /* TaskModel.swift */; };
		2B5A7AA62C9CF3E20053CF2F /* TasksMock.swift in Sources */ = {isa = PBXBuildFile; fileRef = 2B5A7AA52C9CF3E20053CF2F /* TasksMock.swift */; };
		2B5A7AAA2C9CF57B0053CF2F /* TaskCellView.swift in Sources */ = {isa = PBXBuildFile; fileRef = 2B5A7AA92C9CF57B0053CF2F /* TaskCellView.swift */; };
		2B7486002C6D5CDE003EB774 /* to_do_list_swiftuiApp.swift in Sources */ = {isa = PBXBuildFile; fileRef = 2B7485FF2C6D5CDE003EB774 /* to_do_list_swiftuiApp.swift */; };
		2B7486022C6D5CDE003EB774 /* TaskViewController.swift in Sources */ = {isa = PBXBuildFile; fileRef = 2B7486012C6D5CDE003EB774 /* TaskViewController.swift */; };
		2B7486042C6D5CE1003EB774 /* Assets.xcassets in Resources */ = {isa = PBXBuildFile; fileRef = 2B7486032C6D5CE1003EB774 /* Assets.xcassets */; };
		2B7486072C6D5CE1003EB774 /* Preview Assets.xcassets in Resources */ = {isa = PBXBuildFile; fileRef = 2B7486062C6D5CE1003EB774 /* Preview Assets.xcassets */; };
		2B80FF5C2C9F00E300A83509 /* UserDefaultsPersistence.swift in Sources */ = {isa = PBXBuildFile; fileRef = 2B80FF5B2C9F00E300A83509 /* UserDefaultsPersistence.swift */; };
		2B80FF5E2C9F026B00A83509 /* TaskRepository.swift in Sources */ = {isa = PBXBuildFile; fileRef = 2B80FF5D2C9F026B00A83509 /* TaskRepository.swift */; };
		2B80FF602C9F288C00A83509 /* TaskRepositoryMock.swift in Sources */ = {isa = PBXBuildFile; fileRef = 2B80FF5F2C9F288C00A83509 /* TaskRepositoryMock.swift */; };
		2BB9181A2C9BA23700508871 /* TaskViewModel.swift in Sources */ = {isa = PBXBuildFile; fileRef = 2BB918192C9BA23700508871 /* TaskViewModel.swift */; };
/* End PBXBuildFile section */

/* Begin PBXFileReference section */
		2B590E892CA383C600273973 /* AddTaskViewController.swift */ = {isa = PBXFileReference; lastKnownFileType = sourcecode.swift; path = AddTaskViewController.swift; sourceTree = "<group>"; };
		2B590E8B2CA3860800273973 /* AddTaskViewModel.swift */ = {isa = PBXFileReference; lastKnownFileType = sourcecode.swift; path = AddTaskViewModel.swift; sourceTree = "<group>"; };
		2B5A7AA32C9CF1D10053CF2F /* TaskModel.swift */ = {isa = PBXFileReference; lastKnownFileType = sourcecode.swift; path = TaskModel.swift; sourceTree = "<group>"; };
		2B5A7AA52C9CF3E20053CF2F /* TasksMock.swift */ = {isa = PBXFileReference; lastKnownFileType = sourcecode.swift; path = TasksMock.swift; sourceTree = "<group>"; };
		2B5A7AA92C9CF57B0053CF2F /* TaskCellView.swift */ = {isa = PBXFileReference; lastKnownFileType = sourcecode.swift; path = TaskCellView.swift; sourceTree = "<group>"; };
		2B7485FC2C6D5CDE003EB774 /* to-do-list-swiftui.app */ = {isa = PBXFileReference; explicitFileType = wrapper.application; includeInIndex = 0; path = "to-do-list-swiftui.app"; sourceTree = BUILT_PRODUCTS_DIR; };
		2B7485FF2C6D5CDE003EB774 /* to_do_list_swiftuiApp.swift */ = {isa = PBXFileReference; lastKnownFileType = sourcecode.swift; path = to_do_list_swiftuiApp.swift; sourceTree = "<group>"; };
		2B7486012C6D5CDE003EB774 /* TaskViewController.swift */ = {isa = PBXFileReference; lastKnownFileType = sourcecode.swift; path = TaskViewController.swift; sourceTree = "<group>"; };
		2B7486032C6D5CE1003EB774 /* Assets.xcassets */ = {isa = PBXFileReference; lastKnownFileType = folder.assetcatalog; path = Assets.xcassets; sourceTree = "<group>"; };
		2B7486062C6D5CE1003EB774 /* Preview Assets.xcassets */ = {isa = PBXFileReference; lastKnownFileType = folder.assetcatalog; path = "Preview Assets.xcassets"; sourceTree = "<group>"; };
		2B80FF5B2C9F00E300A83509 /* UserDefaultsPersistence.swift */ = {isa = PBXFileReference; lastKnownFileType = sourcecode.swift; path = UserDefaultsPersistence.swift; sourceTree = "<group>"; };
		2B80FF5D2C9F026B00A83509 /* TaskRepository.swift */ = {isa = PBXFileReference; lastKnownFileType = sourcecode.swift; path = TaskRepository.swift; sourceTree = "<group>"; };
		2B80FF5F2C9F288C00A83509 /* TaskRepositoryMock.swift */ = {isa = PBXFileReference; lastKnownFileType = sourcecode.swift; path = TaskRepositoryMock.swift; sourceTree = "<group>"; };
		2BB918192C9BA23700508871 /* TaskViewModel.swift */ = {isa = PBXFileReference; lastKnownFileType = sourcecode.swift; path = TaskViewModel.swift; sourceTree = "<group>"; };
/* End PBXFileReference section */

/* Begin PBXFrameworksBuildPhase section */
		2B7485F92C6D5CDE003EB774 /* Frameworks */ = {
			isa = PBXFrameworksBuildPhase;
			buildActionMask = 2147483647;
			files = (
			);
			runOnlyForDeploymentPostprocessing = 0;
		};
/* End PBXFrameworksBuildPhase section */

/* Begin PBXGroup section */
		2B5A7AA22C9CF15D0053CF2F /* Mocks */ = {
			isa = PBXGroup;
			children = (
				2B5A7AA52C9CF3E20053CF2F /* TasksMock.swift */,
				2B80FF5F2C9F288C00A83509 /* TaskRepositoryMock.swift */,
			);
			path = Mocks;
			sourceTree = "<group>";
		};
		2B7485F32C6D5CDE003EB774 = {
			isa = PBXGroup;
			children = (
				2B7485FE2C6D5CDE003EB774 /* to-do-list-swiftui */,
				2B7485FD2C6D5CDE003EB774 /* Products */,
			);
			sourceTree = "<group>";
		};
		2B7485FD2C6D5CDE003EB774 /* Products */ = {
			isa = PBXGroup;
			children = (
				2B7485FC2C6D5CDE003EB774 /* to-do-list-swiftui.app */,
			);
			name = Products;
			sourceTree = "<group>";
		};
		2B7485FE2C6D5CDE003EB774 /* to-do-list-swiftui */ = {
			isa = PBXGroup;
			children = (
				2B7486032C6D5CE1003EB774 /* Assets.xcassets */,
				2BB918172C9BA1C100508871 /* Extensions */,
				2B5A7AA22C9CF15D0053CF2F /* Mocks */,
				2BB918132C9B9DBD00508871 /* Models */,
				2B80FF5A2C9F007F00A83509 /* Persistence */,
				2B7486052C6D5CE1003EB774 /* Preview Content */,
				2BB918162C9BA1B100508871 /* Repository */,
				2B7485FF2C6D5CDE003EB774 /* to_do_list_swiftuiApp.swift */,
				2BB918182C9BA20300508871 /* ViewControllers */,
				2BB918142C9BA19B00508871 /* ViewModels */,
				2BB918152C9BA1A700508871 /* Views */,
			);
			path = "to-do-list-swiftui";
			sourceTree = "<group>";
		};
		2B7486052C6D5CE1003EB774 /* Preview Content */ = {
			isa = PBXGroup;
			children = (
				2B7486062C6D5CE1003EB774 /* Preview Assets.xcassets */,
			);
			path = "Preview Content";
			sourceTree = "<group>";
		};
		2B80FF5A2C9F007F00A83509 /* Persistence */ = {
			isa = PBXGroup;
			children = (
				2B80FF5B2C9F00E300A83509 /* UserDefaultsPersistence.swift */,
			);
			path = Persistence;
			sourceTree = "<group>";
		};
		2BB918132C9B9DBD00508871 /* Models */ = {
			isa = PBXGroup;
			children = (
				2B5A7AA32C9CF1D10053CF2F /* TaskModel.swift */,
			);
			path = Models;
			sourceTree = "<group>";
		};
		2BB918142C9BA19B00508871 /* ViewModels */ = {
			isa = PBXGroup;
			children = (
				2BB918192C9BA23700508871 /* TaskViewModel.swift */,
				2B590E8B2CA3860800273973 /* AddTaskViewModel.swift */,
			);
			path = ViewModels;
			sourceTree = "<group>";
		};
		2BB918152C9BA1A700508871 /* Views */ = {
			isa = PBXGroup;
			children = (
				2B5A7AA92C9CF57B0053CF2F /* TaskCellView.swift */,
			);
			path = Views;
			sourceTree = "<group>";
		};
		2BB918162C9BA1B100508871 /* Repository */ = {
			isa = PBXGroup;
			children = (
				2B80FF5D2C9F026B00A83509 /* TaskRepository.swift */,
			);
			path = Repository;
			sourceTree = "<group>";
		};
		2BB918172C9BA1C100508871 /* Extensions */ = {
			isa = PBXGroup;
			children = (
			);
			path = Extensions;
			sourceTree = "<group>";
		};
		2BB918182C9BA20300508871 /* ViewControllers */ = {
			isa = PBXGroup;
			children = (
				2B7486012C6D5CDE003EB774 /* TaskViewController.swift */,
				2B590E892CA383C600273973 /* AddTaskViewController.swift */,
			);
			path = ViewControllers;
			sourceTree = "<group>";
		};
/* End PBXGroup section */

/* Begin PBXNativeTarget section */
		2B7485FB2C6D5CDE003EB774 /* to-do-list-swiftui */ = {
			isa = PBXNativeTarget;
			buildConfigurationList = 2B74860A2C6D5CE1003EB774 /* Build configuration list for PBXNativeTarget "to-do-list-swiftui" */;
			buildPhases = (
				2B7485F82C6D5CDE003EB774 /* Sources */,
				2B7485F92C6D5CDE003EB774 /* Frameworks */,
				2B7485FA2C6D5CDE003EB774 /* Resources */,
			);
			buildRules = (
			);
			dependencies = (
			);
			name = "to-do-list-swiftui";
			productName = "to-do-list-swiftui";
			productReference = 2B7485FC2C6D5CDE003EB774 /* to-do-list-swiftui.app */;
			productType = "com.apple.product-type.application";
		};
/* End PBXNativeTarget section */

/* Begin PBXProject section */
		2B7485F42C6D5CDE003EB774 /* Project object */ = {
			isa = PBXProject;
			attributes = {
				BuildIndependentTargetsInParallel = 1;
				LastSwiftUpdateCheck = 1320;
				LastUpgradeCheck = 1320;
				TargetAttributes = {
					2B7485FB2C6D5CDE003EB774 = {
						CreatedOnToolsVersion = 13.2.1;
					};
				};
			};
			buildConfigurationList = 2B7485F72C6D5CDE003EB774 /* Build configuration list for PBXProject "to-do-list-swiftui" */;
			compatibilityVersion = "Xcode 13.0";
			developmentRegion = en;
			hasScannedForEncodings = 0;
			knownRegions = (
				en,
				Base,
			);
			mainGroup = 2B7485F32C6D5CDE003EB774;
			productRefGroup = 2B7485FD2C6D5CDE003EB774 /* Products */;
			projectDirPath = "";
			projectRoot = "";
			targets = (
				2B7485FB2C6D5CDE003EB774 /* to-do-list-swiftui */,
			);
		};
/* End PBXProject section */

/* Begin PBXResourcesBuildPhase section */
		2B7485FA2C6D5CDE003EB774 /* Resources */ = {
			isa = PBXResourcesBuildPhase;
			buildActionMask = 2147483647;
			files = (
				2B7486072C6D5CE1003EB774 /* Preview Assets.xcassets in Resources */,
				2B7486042C6D5CE1003EB774 /* Assets.xcassets in Resources */,
			);
			runOnlyForDeploymentPostprocessing = 0;
		};
/* End PBXResourcesBuildPhase section */

/* Begin PBXSourcesBuildPhase section */
		2B7485F82C6D5CDE003EB774 /* Sources */ = {
			isa = PBXSourcesBuildPhase;
			buildActionMask = 2147483647;
			files = (
				2B5A7AA62C9CF3E20053CF2F /* TasksMock.swift in Sources */,
				2B7486022C6D5CDE003EB774 /* TaskViewController.swift in Sources */,
				2B80FF5E2C9F026B00A83509 /* TaskRepository.swift in Sources */,
				2BB9181A2C9BA23700508871 /* TaskViewModel.swift in Sources */,
				2B5A7AA42C9CF1D10053CF2F /* TaskModel.swift in Sources */,
				2B7486002C6D5CDE003EB774 /* to_do_list_swiftuiApp.swift in Sources */,
				2B80FF602C9F288C00A83509 /* TaskRepositoryMock.swift in Sources */,
				2B590E8C2CA3860800273973 /* AddTaskViewModel.swift in Sources */,
				2B80FF5C2C9F00E300A83509 /* UserDefaultsPersistence.swift in Sources */,
				2B5A7AAA2C9CF57B0053CF2F /* TaskCellView.swift in Sources */,
				2B590E8A2CA383C600273973 /* AddTaskViewController.swift in Sources */,
			);
			runOnlyForDeploymentPostprocessing = 0;
		};
/* End PBXSourcesBuildPhase section */

/* Begin XCBuildConfiguration section */
		2B7486082C6D5CE1003EB774 /* Debug */ = {
			isa = XCBuildConfiguration;
			buildSettings = {
				ALWAYS_SEARCH_USER_PATHS = NO;
				CLANG_ANALYZER_NONNULL = YES;
				CLANG_ANALYZER_NUMBER_OBJECT_CONVERSION = YES_AGGRESSIVE;
				CLANG_CXX_LANGUAGE_STANDARD = "gnu++17";
				CLANG_CXX_LIBRARY = "libc++";
				CLANG_ENABLE_MODULES = YES;
				CLANG_ENABLE_OBJC_ARC = YES;
				CLANG_ENABLE_OBJC_WEAK = YES;
				CLANG_WARN_BLOCK_CAPTURE_AUTORELEASING = YES;
				CLANG_WARN_BOOL_CONVERSION = YES;
				CLANG_WARN_COMMA = YES;
				CLANG_WARN_CONSTANT_CONVERSION = YES;
				CLANG_WARN_DEPRECATED_OBJC_IMPLEMENTATIONS = YES;
				CLANG_WARN_DIRECT_OBJC_ISA_USAGE = YES_ERROR;
				CLANG_WARN_DOCUMENTATION_COMMENTS = YES;
				CLANG_WARN_EMPTY_BODY = YES;
				CLANG_WARN_ENUM_CONVERSION = YES;
				CLANG_WARN_INFINITE_RECURSION = YES;
				CLANG_WARN_INT_CONVERSION = YES;
				CLANG_WARN_NON_LITERAL_NULL_CONVERSION = YES;
				CLANG_WARN_OBJC_IMPLICIT_RETAIN_SELF = YES;
				CLANG_WARN_OBJC_LITERAL_CONVERSION = YES;
				CLANG_WARN_OBJC_ROOT_CLASS = YES_ERROR;
				CLANG_WARN_QUOTED_INCLUDE_IN_FRAMEWORK_HEADER = YES;
				CLANG_WARN_RANGE_LOOP_ANALYSIS = YES;
				CLANG_WARN_STRICT_PROTOTYPES = YES;
				CLANG_WARN_SUSPICIOUS_MOVE = YES;
				CLANG_WARN_UNGUARDED_AVAILABILITY = YES_AGGRESSIVE;
				CLANG_WARN_UNREACHABLE_CODE = YES;
				CLANG_WARN__DUPLICATE_METHOD_MATCH = YES;
				COPY_PHASE_STRIP = NO;
				DEBUG_INFORMATION_FORMAT = dwarf;
				ENABLE_STRICT_OBJC_MSGSEND = YES;
				ENABLE_TESTABILITY = YES;
				GCC_C_LANGUAGE_STANDARD = gnu11;
				GCC_DYNAMIC_NO_PIC = NO;
				GCC_NO_COMMON_BLOCKS = YES;
				GCC_OPTIMIZATION_LEVEL = 0;
				GCC_PREPROCESSOR_DEFINITIONS = (
					"DEBUG=1",
					"$(inherited)",
				);
				GCC_WARN_64_TO_32_BIT_CONVERSION = YES;
				GCC_WARN_ABOUT_RETURN_TYPE = YES_ERROR;
				GCC_WARN_UNDECLARED_SELECTOR = YES;
				GCC_WARN_UNINITIALIZED_AUTOS = YES_AGGRESSIVE;
				GCC_WARN_UNUSED_FUNCTION = YES;
				GCC_WARN_UNUSED_VARIABLE = YES;
				IPHONEOS_DEPLOYMENT_TARGET = 15.2;
				MTL_ENABLE_DEBUG_INFO = INCLUDE_SOURCE;
				MTL_FAST_MATH = YES;
				ONLY_ACTIVE_ARCH = YES;
				SDKROOT = iphoneos;
				SWIFT_ACTIVE_COMPILATION_CONDITIONS = DEBUG;
				SWIFT_OPTIMIZATION_LEVEL = "-Onone";
			};
			name = Debug;
		};
		2B7486092C6D5CE1003EB774 /* Release */ = {
			isa = XCBuildConfiguration;
			buildSettings = {
				ALWAYS_SEARCH_USER_PATHS = NO;
				CLANG_ANALYZER_NONNULL = YES;
				CLANG_ANALYZER_NUMBER_OBJECT_CONVERSION = YES_AGGRESSIVE;
				CLANG_CXX_LANGUAGE_STANDARD = "gnu++17";
				CLANG_CXX_LIBRARY = "libc++";
				CLANG_ENABLE_MODULES = YES;
				CLANG_ENABLE_OBJC_ARC = YES;
				CLANG_ENABLE_OBJC_WEAK = YES;
				CLANG_WARN_BLOCK_CAPTURE_AUTORELEASING = YES;
				CLANG_WARN_BOOL_CONVERSION = YES;
				CLANG_WARN_COMMA = YES;
				CLANG_WARN_CONSTANT_CONVERSION = YES;
				CLANG_WARN_DEPRECATED_OBJC_IMPLEMENTATIONS = YES;
				CLANG_WARN_DIRECT_OBJC_ISA_USAGE = YES_ERROR;
				CLANG_WARN_DOCUMENTATION_COMMENTS = YES;
				CLANG_WARN_EMPTY_BODY = YES;
				CLANG_WARN_ENUM_CONVERSION = YES;
				CLANG_WARN_INFINITE_RECURSION = YES;
				CLANG_WARN_INT_CONVERSION = YES;
				CLANG_WARN_NON_LITERAL_NULL_CONVERSION = YES;
				CLANG_WARN_OBJC_IMPLICIT_RETAIN_SELF = YES;
				CLANG_WARN_OBJC_LITERAL_CONVERSION = YES;
				CLANG_WARN_OBJC_ROOT_CLASS = YES_ERROR;
				CLANG_WARN_QUOTED_INCLUDE_IN_FRAMEWORK_HEADER = YES;
				CLANG_WARN_RANGE_LOOP_ANALYSIS = YES;
				CLANG_WARN_STRICT_PROTOTYPES = YES;
				CLANG_WARN_SUSPICIOUS_MOVE = YES;
				CLANG_WARN_UNGUARDED_AVAILABILITY = YES_AGGRESSIVE;
				CLANG_WARN_UNREACHABLE_CODE = YES;
				CLANG_WARN__DUPLICATE_METHOD_MATCH = YES;
				COPY_PHASE_STRIP = NO;
				DEBUG_INFORMATION_FORMAT = "dwarf-with-dsym";
				ENABLE_NS_ASSERTIONS = NO;
				ENABLE_STRICT_OBJC_MSGSEND = YES;
				GCC_C_LANGUAGE_STANDARD = gnu11;
				GCC_NO_COMMON_BLOCKS = YES;
				GCC_WARN_64_TO_32_BIT_CONVERSION = YES;
				GCC_WARN_ABOUT_RETURN_TYPE = YES_ERROR;
				GCC_WARN_UNDECLARED_SELECTOR = YES;
				GCC_WARN_UNINITIALIZED_AUTOS = YES_AGGRESSIVE;
				GCC_WARN_UNUSED_FUNCTION = YES;
				GCC_WARN_UNUSED_VARIABLE = YES;
				IPHONEOS_DEPLOYMENT_TARGET = 15.2;
				MTL_ENABLE_DEBUG_INFO = NO;
				MTL_FAST_MATH = YES;
				SDKROOT = iphoneos;
				SWIFT_COMPILATION_MODE = wholemodule;
				SWIFT_OPTIMIZATION_LEVEL = "-O";
				VALIDATE_PRODUCT = YES;
			};
			name = Release;
		};
		2B74860B2C6D5CE1003EB774 /* Debug */ = {
			isa = XCBuildConfiguration;
			buildSettings = {
				ASSETCATALOG_COMPILER_APPICON_NAME = AppIcon;
				ASSETCATALOG_COMPILER_GLOBAL_ACCENT_COLOR_NAME = AccentColor;
				CODE_SIGN_STYLE = Automatic;
				CURRENT_PROJECT_VERSION = 1;
				DEVELOPMENT_ASSET_PATHS = "\"to-do-list-swiftui/Preview Content\"";
				ENABLE_PREVIEWS = YES;
				GENERATE_INFOPLIST_FILE = YES;
				INFOPLIST_KEY_UIApplicationSceneManifest_Generation = YES;
				INFOPLIST_KEY_UIApplicationSupportsIndirectInputEvents = YES;
				INFOPLIST_KEY_UILaunchScreen_Generation = YES;
				INFOPLIST_KEY_UISupportedInterfaceOrientations_iPad = "UIInterfaceOrientationPortrait UIInterfaceOrientationPortraitUpsideDown UIInterfaceOrientationLandscapeLeft UIInterfaceOrientationLandscapeRight";
				INFOPLIST_KEY_UISupportedInterfaceOrientations_iPhone = "UIInterfaceOrientationPortrait UIInterfaceOrientationLandscapeLeft UIInterfaceOrientationLandscapeRight";
				LD_RUNPATH_SEARCH_PATHS = (
					"$(inherited)",
					"@executable_path/Frameworks",
				);
				MARKETING_VERSION = 1.0;
				PRODUCT_BUNDLE_IDENTIFIER = "fernandoschulz.to-do-list-swiftui";
				PRODUCT_NAME = "$(TARGET_NAME)";
				SWIFT_EMIT_LOC_STRINGS = YES;
				SWIFT_VERSION = 5.0;
				TARGETED_DEVICE_FAMILY = "1,2";
			};
			name = Debug;
		};
		2B74860C2C6D5CE1003EB774 /* Release */ = {
			isa = XCBuildConfiguration;
			buildSettings = {
				ASSETCATALOG_COMPILER_APPICON_NAME = AppIcon;
				ASSETCATALOG_COMPILER_GLOBAL_ACCENT_COLOR_NAME = AccentColor;
				CODE_SIGN_STYLE = Automatic;
				CURRENT_PROJECT_VERSION = 1;
				DEVELOPMENT_ASSET_PATHS = "\"to-do-list-swiftui/Preview Content\"";
				ENABLE_PREVIEWS = YES;
				GENERATE_INFOPLIST_FILE = YES;
				INFOPLIST_KEY_UIApplicationSceneManifest_Generation = YES;
				INFOPLIST_KEY_UIApplicationSupportsIndirectInputEvents = YES;
				INFOPLIST_KEY_UILaunchScreen_Generation = YES;
				INFOPLIST_KEY_UISupportedInterfaceOrientations_iPad = "UIInterfaceOrientationPortrait UIInterfaceOrientationPortraitUpsideDown UIInterfaceOrientationLandscapeLeft UIInterfaceOrientationLandscapeRight";
				INFOPLIST_KEY_UISupportedInterfaceOrientations_iPhone = "UIInterfaceOrientationPortrait UIInterfaceOrientationLandscapeLeft UIInterfaceOrientationLandscapeRight";
				LD_RUNPATH_SEARCH_PATHS = (
					"$(inherited)",
					"@executable_path/Frameworks",
				);
				MARKETING_VERSION = 1.0;
				PRODUCT_BUNDLE_IDENTIFIER = "fernandoschulz.to-do-list-swiftui";
				PRODUCT_NAME = "$(TARGET_NAME)";
				SWIFT_EMIT_LOC_STRINGS = YES;
				SWIFT_VERSION = 5.0;
				TARGETED_DEVICE_FAMILY = "1,2";
			};
			name = Release;
		};
/* End XCBuildConfiguration section */

/* Begin XCConfigurationList section */
		2B7485F72C6D5CDE003EB774 /* Build configuration list for PBXProject "to-do-list-swiftui" */ = {
			isa = XCConfigurationList;
			buildConfigurations = (
				2B7486082C6D5CE1003EB774 /* Debug */,
				2B7486092C6D5CE1003EB774 /* Release */,
			);
			defaultConfigurationIsVisible = 0;
			defaultConfigurationName = Release;
		};
		2B74860A2C6D5CE1003EB774 /* Build configuration list for PBXNativeTarget "to-do-list-swiftui" */ = {
			isa = XCConfigurationList;
			buildConfigurations = (
				2B74860B2C6D5CE1003EB774 /* Debug */,
				2B74860C2C6D5CE1003EB774 /* Release */,
			);
			defaultConfigurationIsVisible = 0;
			defaultConfigurationName = Release;
		};
/* End XCConfigurationList section */
	};
	rootObject = 2B7485F42C6D5CDE003EB774 /* Project object */;
}
